
Microsoft Visual Studio Solution File, Format Version 12.00
# Visual Studio Version 17
VisualStudioVersion = 17.4.33103.184
MinimumVisualStudioVersion = 10.0.40219.1
Project("{9A19103F-16F7-4668-BE54-9A1E7A4F7556}") = "DotNetEFCrud", "DotNetEFCrud\DotNetEFCrud.csproj", "{C37D531D-26D7-4A6C-83EF-7C8F2DE96707}"
EndProject
Project("{9A19103F-16F7-4668-BE54-9A1E7A4F7556}") = "EFCoreCodeFirst", "EFCoreCodeFirst\EFCoreCodeFirst.csproj", "{51830BBD-9957-411C-BCB5-3F36C567DAA4}"
EndProject
Project("{9A19103F-16F7-4668-BE54-9A1E7A4F7556}") = "NetCoreActionResults", "NetCoreActionResults\NetCoreActionResults.csproj", "{AE91C94E-2FAC-4BBA-99F0-72FB71E9DA60}"
EndProject
Project("{9A19103F-16F7-4668-BE54-9A1E7A4F7556}") = "StateManagement", "StateManagement\StateManagement.csproj", "{3AD46323-F550-455A-B20F-35FD8D70057D}"
EndProject
Project("{9A19103F-16F7-4668-BE54-9A1E7A4F7556}") = "Authentication", "Authentication\Authentication.csproj", "{E9F53A03-16BB-4E7F-B706-FCC88A2221F8}"
EndProject
Project("{FAE04EC0-301F-11D3-BF4B-00C04F79EFBC}") = "WebApiIdentity", "WebApiIdentity\WebApiIdentity.csproj", "{DD95BB07-5C1B-4AC2-BC82-F308403FDB80}"
EndProject
Global
	GlobalSection(SolutionConfigurationPlatforms) = preSolution
		Debug|Any CPU = Debug|Any CPU
		Release|Any CPU = Release|Any CPU
	EndGlobalSection
	GlobalSection(ProjectConfigurationPlatforms) = postSolution
		{C37D531D-26D7-4A6C-83EF-7C8F2DE96707}.Debug|Any CPU.ActiveCfg = Debug|Any CPU
		{C37D531D-26D7-4A6C-83EF-7C8F2DE96707}.Debug|Any CPU.Build.0 = Debug|Any CPU
		{C37D531D-26D7-4A6C-83EF-7C8F2DE96707}.Release|Any CPU.ActiveCfg = Release|Any CPU
		{C37D531D-26D7-4A6C-83EF-7C8F2DE96707}.Release|Any CPU.Build.0 = Release|Any CPU
		{51830BBD-9957-411C-BCB5-3F36C567DAA4}.Debug|Any CPU.ActiveCfg = Debug|Any CPU
		{51830BBD-9957-411C-BCB5-3F36C567DAA4}.Debug|Any CPU.Build.0 = Debug|Any CPU
		{51830BBD-9957-411C-BCB5-3F36C567DAA4}.Release|Any CPU.ActiveCfg = Release|Any CPU
		{51830BBD-9957-411C-BCB5-3F36C567DAA4}.Release|Any CPU.Build.0 = Release|Any CPU
		{AE91C94E-2FAC-4BBA-99F0-72FB71E9DA60}.Debug|Any CPU.ActiveCfg = Debug|Any CPU
		{AE91C94E-2FAC-4BBA-99F0-72FB71E9DA60}.Debug|Any CPU.Build.0 = Debug|Any CPU
		{AE91C94E-2FAC-4BBA-99F0-72FB71E9DA60}.Release|Any CPU.ActiveCfg = Release|Any CPU
		{AE91C94E-2FAC-4BBA-99F0-72FB71E9DA60}.Release|Any CPU.Build.0 = Release|Any CPU
		{3AD46323-F550-455A-B20F-35FD8D70057D}.Debug|Any CPU.ActiveCfg = Debug|Any CPU
		{3AD46323-F550-455A-B20F-35FD8D70057D}.Debug|Any CPU.Build.0 = Debug|Any CPU
		{3AD46323-F550-455A-B20F-35FD8D70057D}.Release|Any CPU.ActiveCfg = Release|Any CPU
		{3AD46323-F550-455A-B20F-35FD8D70057D}.Release|Any CPU.Build.0 = Release|Any CPU
		{E9F53A03-16BB-4E7F-B706-FCC88A2221F8}.Debug|Any CPU.ActiveCfg = Debug|Any CPU
		{E9F53A03-16BB-4E7F-B706-FCC88A2221F8}.Debug|Any CPU.Build.0 = Debug|Any CPU
		{E9F53A03-16BB-4E7F-B706-FCC88A2221F8}.Release|Any CPU.ActiveCfg = Release|Any CPU
		{E9F53A03-16BB-4E7F-B706-FCC88A2221F8}.Release|Any CPU.Build.0 = Release|Any CPU
		{DD95BB07-5C1B-4AC2-BC82-F308403FDB80}.Debug|Any CPU.ActiveCfg = Debug|Any CPU
		{DD95BB07-5C1B-4AC2-BC82-F308403FDB80}.Debug|Any CPU.Build.0 = Debug|Any CPU
		{DD95BB07-5C1B-4AC2-BC82-F308403FDB80}.Release|Any CPU.ActiveCfg = Release|Any CPU
		{DD95BB07-5C1B-4AC2-BC82-F308403FDB80}.Release|Any CPU.Build.0 = Release|Any CPU
	EndGlobalSection
	GlobalSection(SolutionProperties) = preSolution
		HideSolutionNode = FALSE
	EndGlobalSection
	GlobalSection(ExtensibilityGlobals) = postSolution
		SolutionGuid = {7E982571-C216-40FE-86E8-8C148548C789}
	EndGlobalSection
EndGlobal
